
Microsoft Visual Studio Solution File, Format Version 12.00
# Visual Studio Version 17
VisualStudioVersion = 17.6.33723.286
MinimumVisualStudioVersion = 10.0.40219.1
Project("{FAE04EC0-301F-11D3-BF4B-00C04F79EFBC}") = "Ecommerce.API", "Ecommerce.API\Ecommerce.API.csproj", "{A0A1ED1D-5A5E-4C9C-9538-2959BB9CCFEB}"
EndProject
Global
	GlobalSection(SolutionConfigurationPlatforms) = preSolution
		Debug|Any CPU = Debug|Any CPU
		Release|Any CPU = Release|Any CPU
	EndGlobalSection
	GlobalSection(ProjectConfigurationPlatforms) = postSolution
		{A0A1ED1D-5A5E-4C9C-9538-2959BB9CCFEB}.Debug|Any CPU.ActiveCfg = Debug|Any CPU
		{A0A1ED1D-5A5E-4C9C-9538-2959BB9CCFEB}.Debug|Any CPU.Build.0 = Debug|Any CPU
		{A0A1ED1D-5A5E-4C9C-9538-2959BB9CCFEB}.Release|Any CPU.ActiveCfg = Release|Any CPU
		{A0A1ED1D-5A5E-4C9C-9538-2959BB9CCFEB}.Release|Any CPU.Build.0 = Release|Any CPU
	EndGlobalSection
	GlobalSection(SolutionProperties) = preSolution
		HideSolutionNode = FALSE
	EndGlobalSection
	GlobalSection(ExtensibilityGlobals) = postSolution
		SolutionGuid = {472D4A47-DE2C-42E5-9BFC-90AEA74528B3}
	EndGlobalSection
EndGlobal
