
Microsoft Visual Studio Solution File, Format Version 12.00
# Visual Studio Version 17
VisualStudioVersion = 17.6.33723.286
MinimumVisualStudioVersion = 10.0.40219.1
Project("{FAE04EC0-301F-11D3-BF4B-00C04F79EFBC}") = "WebApplication-13", "WebApplication-13\WebApplication-13.csproj", "{13B197AB-782E-4F39-8961-A096E2D0D938}"
EndProject
Global
	GlobalSection(SolutionConfigurationPlatforms) = preSolution
		Debug|Any CPU = Debug|Any CPU
		Release|Any CPU = Release|Any CPU
	EndGlobalSection
	GlobalSection(ProjectConfigurationPlatforms) = postSolution
		{13B197AB-782E-4F39-8961-A096E2D0D938}.Debug|Any CPU.ActiveCfg = Debug|Any CPU
		{13B197AB-782E-4F39-8961-A096E2D0D938}.Debug|Any CPU.Build.0 = Debug|Any CPU
		{13B197AB-782E-4F39-8961-A096E2D0D938}.Release|Any CPU.ActiveCfg = Release|Any CPU
		{13B197AB-782E-4F39-8961-A096E2D0D938}.Release|Any CPU.Build.0 = Release|Any CPU
	EndGlobalSection
	GlobalSection(SolutionProperties) = preSolution
		HideSolutionNode = FALSE
	EndGlobalSection
	GlobalSection(ExtensibilityGlobals) = postSolution
		SolutionGuid = {A045A413-3921-4722-B35F-A8DDA5B364C9}
	EndGlobalSection
EndGlobal
